
Microsoft Visual Studio Solution File, Format Version 12.00
Project("{FAE04EC0-301F-11D3-BF4B-00C04F79EFBC}") = "HugoCompany", "HugoCompany.csproj", "{D9161F50-8F2F-4FBB-87C0-292AFF507105}"
EndProject
Global
	GlobalSection(SolutionConfigurationPlatforms) = preSolution
		Debug|Any CPU = Debug|Any CPU
		Release|Any CPU = Release|Any CPU
	EndGlobalSection
	GlobalSection(ProjectConfigurationPlatforms) = postSolution
		{D9161F50-8F2F-4FBB-87C0-292AFF507105}.Debug|Any CPU.ActiveCfg = Debug|Any CPU
		{D9161F50-8F2F-4FBB-87C0-292AFF507105}.Debug|Any CPU.Build.0 = Debug|Any CPU
		{D9161F50-8F2F-4FBB-87C0-292AFF507105}.Release|Any CPU.ActiveCfg = Release|Any CPU
		{D9161F50-8F2F-4FBB-87C0-292AFF507105}.Release|Any CPU.Build.0 = Release|Any CPU
	EndGlobalSection
EndGlobal
